
Microsoft Visual Studio Solution File, Format Version 12.00
# Visual Studio Version 16
VisualStudioVersion = 16.0.32510.428
MinimumVisualStudioVersion = 10.0.40219.1
Project("{FAE04EC0-301F-11D3-BF4B-00C04F79EFBC}") = "btaplon", "btaplon\btaplon.csproj", "{3F6404B9-3B9B-4696-9175-A28682B2A76E}"
EndProject
Global
	GlobalSection(SolutionConfigurationPlatforms) = preSolution
		Debug|Any CPU = Debug|Any CPU
		Release|Any CPU = Release|Any CPU
	EndGlobalSection
	GlobalSection(ProjectConfigurationPlatforms) = postSolution
		{3F6404B9-3B9B-4696-9175-A28682B2A76E}.Debug|Any CPU.ActiveCfg = Debug|Any CPU
		{3F6404B9-3B9B-4696-9175-A28682B2A76E}.Debug|Any CPU.Build.0 = Debug|Any CPU
		{3F6404B9-3B9B-4696-9175-A28682B2A76E}.Release|Any CPU.ActiveCfg = Release|Any CPU
		{3F6404B9-3B9B-4696-9175-A28682B2A76E}.Release|Any CPU.Build.0 = Release|Any CPU
	EndGlobalSection
	GlobalSection(SolutionProperties) = preSolution
		HideSolutionNode = FALSE
	EndGlobalSection
	GlobalSection(ExtensibilityGlobals) = postSolution
		SolutionGuid = {BB38EE0A-776A-410D-A278-80C15BACA6A1}
	EndGlobalSection
EndGlobal
